
Microsoft Visual Studio Solution File, Format Version 12.00
# Visual Studio Version 17
VisualStudioVersion = 17.3.32922.545
MinimumVisualStudioVersion = 10.0.40219.1
Project("{FAE04EC0-301F-11D3-BF4B-00C04F79EFBC}") = "UrlShortener", "UrlShortener\UrlShortener.csproj", "{7175E5B1-956D-4032-90DE-F0E9BB916E24}"
EndProject
Project("{FAE04EC0-301F-11D3-BF4B-00C04F79EFBC}") = "UrlShortener.DL", "UrlShortener.DL\UrlShortener.DL.csproj", "{B3BB6889-3F19-4BB4-A95B-9419DE34D630}"
EndProject
Project("{FAE04EC0-301F-11D3-BF4B-00C04F79EFBC}") = "UrlShortener.BL", "UrlShortener.BL\UrlShortener.BL.csproj", "{B067862A-2E69-440F-9560-374BCCB67BED}"
EndProject
Global
	GlobalSection(SolutionConfigurationPlatforms) = preSolution
		Debug|Any CPU = Debug|Any CPU
		Release|Any CPU = Release|Any CPU
	EndGlobalSection
	GlobalSection(ProjectConfigurationPlatforms) = postSolution
		{7175E5B1-956D-4032-90DE-F0E9BB916E24}.Debug|Any CPU.ActiveCfg = Debug|Any CPU
		{7175E5B1-956D-4032-90DE-F0E9BB916E24}.Debug|Any CPU.Build.0 = Debug|Any CPU
		{7175E5B1-956D-4032-90DE-F0E9BB916E24}.Release|Any CPU.ActiveCfg = Release|Any CPU
		{7175E5B1-956D-4032-90DE-F0E9BB916E24}.Release|Any CPU.Build.0 = Release|Any CPU
		{B3BB6889-3F19-4BB4-A95B-9419DE34D630}.Debug|Any CPU.ActiveCfg = Debug|Any CPU
		{B3BB6889-3F19-4BB4-A95B-9419DE34D630}.Debug|Any CPU.Build.0 = Debug|Any CPU
		{B3BB6889-3F19-4BB4-A95B-9419DE34D630}.Release|Any CPU.ActiveCfg = Release|Any CPU
		{B3BB6889-3F19-4BB4-A95B-9419DE34D630}.Release|Any CPU.Build.0 = Release|Any CPU
		{B067862A-2E69-440F-9560-374BCCB67BED}.Debug|Any CPU.ActiveCfg = Debug|Any CPU
		{B067862A-2E69-440F-9560-374BCCB67BED}.Debug|Any CPU.Build.0 = Debug|Any CPU
		{B067862A-2E69-440F-9560-374BCCB67BED}.Release|Any CPU.ActiveCfg = Release|Any CPU
		{B067862A-2E69-440F-9560-374BCCB67BED}.Release|Any CPU.Build.0 = Release|Any CPU
	EndGlobalSection
	GlobalSection(SolutionProperties) = preSolution
		HideSolutionNode = FALSE
	EndGlobalSection
	GlobalSection(ExtensibilityGlobals) = postSolution
		SolutionGuid = {1E3A405A-1090-4C8E-A264-ACBB0B24D810}
	EndGlobalSection
EndGlobal
